[{<<"cowboy">>,
  {git,"https://github.com/wallacegibbon/cowboy-mirror",
       {ref,"1df60fd8e990f6e9e54601a1df5a807ab1abba51"}},
  0},
 {<<"cowlib">>,
  {git,"https://github.com/wallacegibbon/cowlib",
       {ref,"c6553f8308a2ca5dcd69d845f0a7d098c40c3363"}},
  1},
 {<<"jsone">>,
  {git,"https://github.com/sile/jsone",
       {ref,"2ebbe2361d19af3cc4c94b7345972710aec4fbda"}},
  1},
 {<<"jsonerl">>,
  {git,"https://github.com/wallacegibbon/jsonerl",
       {ref,"dc359ce87ba459a9c36ad96f35d0578375659b8c"}},
  0},
 {<<"ranch">>,
  {git,"https://github.com/wallacegibbon/ranch",
       {ref,"3190aef88aea04d6dce8545fe9b4574288903f44"}},
  1}].
